// !$*UTF8*$!
{
	archiveVersion = 1;
	classes = {
	};
	objectVersion = 46;
	objects = {

/* Begin PBXBuildFile section */
		47C61A49A03412AFA1C01445 /* Pods_ImageLoader.framework in Frameworks */ = {isa = PBXBuildFile; fileRef = 523769E2731EAE23DC4F1C7B /* Pods_ImageLoader.framework */; };
		8A283E9E1EA7C6FD000DF8A2 /* AppDelegate.swift in Sources */ = {isa = PBXBuildFile; fileRef = 8A283E9D1EA7C6FD000DF8A2 /* AppDelegate.swift */; };
		8A283EA01EA7C6FD000DF8A2 /* ViewController.swift in Sources */ = {isa = PBXBuildFile; fileRef = 8A283E9F1EA7C6FD000DF8A2 /* ViewController.swift */; };
		8A283EA31EA7C6FD000DF8A2 /* Main.storyboard in Resources */ = {isa = PBXBuildFile; fileRef = 8A283EA11EA7C6FD000DF8A2 /* Main.storyboard */; };
		8A283EA51EA7C6FD000DF8A2 /* Assets.xcassets in Resources */ = {isa = PBXBuildFile; fileRef = 8A283EA41EA7C6FD000DF8A2 /* Assets.xcassets */; };
		8A283EA81EA7C6FD000DF8A2 /* LaunchScreen.storyboard in Resources */ = {isa = PBXBuildFile; fileRef = 8A283EA61EA7C6FD000DF8A2 /* LaunchScreen.storyboard */; };
		8A283EB31EA7C6FD000DF8A2 /* ImageLoaderTests.swift in Sources */ = {isa = PBXBuildFile; fileRef = 8A283EB21EA7C6FD000DF8A2 /* ImageLoaderTests.swift */; };
		8A283EBE1EA7C6FD000DF8A2 /* ImageLoaderUITests.swift in Sources */ = {isa = PBXBuildFile; fileRef = 8A283EBD1EA7C6FD000DF8A2 /* ImageLoaderUITests.swift */; };
/* End PBXBuildFile section */

/* Begin PBXContainerItemProxy section */
		8A283EAF1EA7C6FD000DF8A2 /* PBXContainerItemProxy */ = {
			isa = PBXContainerItemProxy;
			containerPortal = 8A283E921EA7C6FD000DF8A2 /* Project object */;
			proxyType = 1;
			remoteGlobalIDString = 8A283E991EA7C6FD000DF8A2;
			remoteInfo = ImageLoader;
		};
		8A283EBA1EA7C6FD000DF8A2 /* PBXContainerItemProxy */ = {
			isa = PBXContainerItemProxy;
			containerPortal = 8A283E921EA7C6FD000DF8A2 /* Project object */;
			proxyType = 1;
			remoteGlobalIDString = 8A283E991EA7C6FD000DF8A2;
			remoteInfo = ImageLoader;
		};
/* End PBXContainerItemProxy section */

/* Begin PBXFileReference section */
		3783531FB44265829275DF18 /* Pods-ImageLoader.release.xcconfig */ = {isa = PBXFileReference; includeInIndex = 1; lastKnownFileType = text.xcconfig; name = "Pods-ImageLoader.release.xcconfig"; path = "Pods/Target Support Files/Pods-ImageLoader/Pods-ImageLoader.release.xcconfig"; sourceTree = "<group>"; };
		523769E2731EAE23DC4F1C7B /* Pods_ImageLoader.framework */ = {isa = PBXFileReference; explicitFileType = wrapper.framework; includeInIndex = 0; path = Pods_ImageLoader.framework; sourceTree = BUILT_PRODUCTS_DIR; };
		7EB2F4FDC760D4428DC23422 /* Pods-ImageLoader.debug.xcconfig */ = {isa = PBXFileReference; includeInIndex = 1; lastKnownFileType = text.xcconfig; name = "Pods-ImageLoader.debug.xcconfig"; path = "Pods/Target Support Files/Pods-ImageLoader/Pods-ImageLoader.debug.xcconfig"; sourceTree = "<group>"; };
		8A283E9A1EA7C6FD000DF8A2 /* ImageLoader.app */ = {isa = PBXFileReference; explicitFileType = wrapper.application; includeInIndex = 0; path = ImageLoader.app; sourceTree = BUILT_PRODUCTS_DIR; };
		8A283E9D1EA7C6FD000DF8A2 /* AppDelegate.swift */ = {isa = PBXFileReference; lastKnownFileType = sourcecode.swift; path = AppDelegate.swift; sourceTree = "<group>"; };
		8A283E9F1EA7C6FD000DF8A2 /* ViewController.swift */ = {isa = PBXFileReference; lastKnownFileType = sourcecode.swift; path = ViewController.swift; sourceTree = "<group>"; };
		8A283EA21EA7C6FD000DF8A2 /* Base */ = {isa = PBXFileReference; lastKnownFileType = file.storyboard; name = Base; path = Base.lproj/Main.storyboard; sourceTree = "<group>"; };
		8A283EA41EA7C6FD000DF8A2 /* Assets.xcassets */ = {isa = PBXFileReference; lastKnownFileType = folder.assetcatalog; path = Assets.xcassets; sourceTree = "<group>"; };
		8A283EA71EA7C6FD000DF8A2 /* Base */ = {isa = PBXFileReference; lastKnownFileType = file.storyboard; name = Base; path = Base.lproj/LaunchScreen.storyboard; sourceTree = "<group>"; };
		8A283EA91EA7C6FD000DF8A2 /* Info.plist */ = {isa = PBXFileReference; lastKnownFileType = text.plist.xml; path = Info.plist; sourceTree = "<group>"; };
		8A283EAE1EA7C6FD000DF8A2 /* ImageLoaderTests.xctest */ = {isa = PBXFileReference; explicitFileType = wrapper.cfbundle; includeInIndex = 0; path = ImageLoaderTests.xctest; sourceTree = BUILT_PRODUCTS_DIR; };
		8A283EB21EA7C6FD000DF8A2 /* ImageLoaderTests.swift */ = {isa = PBXFileReference; lastKnownFileType = sourcecode.swift; path = ImageLoaderTests.swift; sourceTree = "<group>"; };
		8A283EB41EA7C6FD000DF8A2 /* Info.plist */ = {isa = PBXFileReference; lastKnownFileType = text.plist.xml; path = Info.plist; sourceTree = "<group>"; };
		8A283EB91EA7C6FD000DF8A2 /* ImageLoaderUITests.xctest */ = {isa = PBXFileReference; explicitFileType = wrapper.cfbundle; includeInIndex = 0; path = ImageLoaderUITests.xctest; sourceTree = BUILT_PRODUCTS_DIR; };
		8A283EBD1EA7C6FD000DF8A2 /* ImageLoaderUITests.swift */ = {isa = PBXFileReference; lastKnownFileType = sourcecode.swift; path = ImageLoaderUITests.swift; sourceTree = "<group>"; };
		8A283EBF1EA7C6FD000DF8A2 /* Info.plist */ = {isa = PBXFileReference; lastKnownFileType = text.plist.xml; path = Info.plist; sourceTree = "<group>"; };
/* End PBXFileReference section */

/* Begin PBXFrameworksBuildPhase section */
		8A283E971EA7C6FD000DF8A2 /* Frameworks */ = {
			isa = PBXFrameworksBuildPhase;
			buildActionMask = 2147483647;
			files = (
				47C61A49A03412AFA1C01445 /* Pods_ImageLoader.framework in Frameworks */,
			);
			runOnlyForDeploymentPostprocessing = 0;
		};
		8A283EAB1EA7C6FD000DF8A2 /* Frameworks */ = {
			isa = PBXFrameworksBuildPhase;
			buildActionMask = 2147483647;
			files = (
			);
			runOnlyForDeploymentPostprocessing = 0;
		};
		8A283EB61EA7C6FD000DF8A2 /* Frameworks */ = {
			isa = PBXFrameworksBuildPhase;
			buildActionMask = 2147483647;
			files = (
			);
			runOnlyForDeploymentPostprocessing = 0;
		};
/* End PBXFrameworksBuildPhase section */

/* Begin PBXGroup section */
		3015130801E7CA2B4FDE73A8 /* Pods */ = {
			isa = PBXGroup;
			children = (
				7EB2F4FDC760D4428DC23422 /* Pods-ImageLoader.debug.xcconfig */,
				3783531FB44265829275DF18 /* Pods-ImageLoader.release.xcconfig */,
			);
			name = Pods;
			sourceTree = "<group>";
		};
		57C55ACA4AA66B9BBF5A6134 /* Frameworks */ = {
			isa = PBXGroup;
			children = (
				523769E2731EAE23DC4F1C7B /* Pods_ImageLoader.framework */,
			);
			name = Frameworks;
			sourceTree = "<group>";
		};
		8A283E911EA7C6FD000DF8A2 = {
			isa = PBXGroup;
			children = (
				8A283E9C1EA7C6FD000DF8A2 /* ImageLoader */,
				8A283EB11EA7C6FD000DF8A2 /* ImageLoaderTests */,
				8A283EBC1EA7C6FD000DF8A2 /* ImageLoaderUITests */,
				8A283E9B1EA7C6FD000DF8A2 /* Products */,
				3015130801E7CA2B4FDE73A8 /* Pods */,
				57C55ACA4AA66B9BBF5A6134 /* Frameworks */,
			);
			sourceTree = "<group>";
		};
		8A283E9B1EA7C6FD000DF8A2 /* Products */ = {
			isa = PBXGroup;
			children = (
				8A283E9A1EA7C6FD000DF8A2 /* ImageLoader.app */,
				8A283EAE1EA7C6FD000DF8A2 /* ImageLoaderTests.xctest */,
				8A283EB91EA7C6FD000DF8A2 /* ImageLoaderUITests.xctest */,
			);
			name = Products;
			sourceTree = "<group>";
		};
		8A283E9C1EA7C6FD000DF8A2 /* ImageLoader */ = {
			isa = PBXGroup;
			children = (
				8A283E9D1EA7C6FD000DF8A2 /* AppDelegate.swift */,
				8A283E9F1EA7C6FD000DF8A2 /* ViewController.swift */,
				8A283EA11EA7C6FD000DF8A2 /* Main.storyboard */,
				8A283EA41EA7C6FD000DF8A2 /* Assets.xcassets */,
				8A283EA61EA7C6FD000DF8A2 /* LaunchScreen.storyboard */,
				8A283EA91EA7C6FD000DF8A2 /* Info.plist */,
			);
			path = ImageLoader;
			sourceTree = "<group>";
		};
		8A283EB11EA7C6FD000DF8A2 /* ImageLoaderTests */ = {
			isa = PBXGroup;
			children = (
				8A283EB21EA7C6FD000DF8A2 /* ImageLoaderTests.swift */,
				8A283EB41EA7C6FD000DF8A2 /* Info.plist */,
			);
			path = ImageLoaderTests;
			sourceTree = "<group>";
		};
		8A283EBC1EA7C6FD000DF8A2 /* ImageLoaderUITests */ = {
			isa = PBXGroup;
			children = (
				8A283EBD1EA7C6FD000DF8A2 /* ImageLoaderUITests.swift */,
				8A283EBF1EA7C6FD000DF8A2 /* Info.plist */,
			);
			path = ImageLoaderUITests;
			sourceTree = "<group>";
		};
/* End PBXGroup section */

/* Begin PBXNativeTarget section */
		8A283E991EA7C6FD000DF8A2 /* ImageLoader */ = {
			isa = PBXNativeTarget;
			buildConfigurationList = 8A283EC21EA7C6FD000DF8A2 /* Build configuration list for PBXNativeTarget "ImageLoader" */;
			buildPhases = (
				AA3E14AE0CD8EC5E90DA50ED /* [CP] Check Pods Manifest.lock */,
				8A283E961EA7C6FD000DF8A2 /* Sources */,
				8A283E971EA7C6FD000DF8A2 /* Frameworks */,
				8A283E981EA7C6FD000DF8A2 /* Resources */,
				658B64120C9BBCF993481B00 /* [CP] Embed Pods Frameworks */,
				AEFF3ED9568A44749AE33305 /* [CP] Copy Pods Resources */,
			);
			buildRules = (
			);
			dependencies = (
			);
			name = ImageLoader;
			productName = ImageLoader;
			productReference = 8A283E9A1EA7C6FD000DF8A2 /* ImageLoader.app */;
			productType = "com.apple.product-type.application";
		};
		8A283EAD1EA7C6FD000DF8A2 /* ImageLoaderTests */ = {
			isa = PBXNativeTarget;
			buildConfigurationList = 8A283EC51EA7C6FD000DF8A2 /* Build configuration list for PBXNativeTarget "ImageLoaderTests" */;
			buildPhases = (
				8A283EAA1EA7C6FD000DF8A2 /* Sources */,
				8A283EAB1EA7C6FD000DF8A2 /* Frameworks */,
				8A283EAC1EA7C6FD000DF8A2 /* Resources */,
			);
			buildRules = (
			);
			dependencies = (
				8A283EB01EA7C6FD000DF8A2 /* PBXTargetDependency */,
			);
			name = ImageLoaderTests;
			productName = ImageLoaderTests;
			productReference = 8A283EAE1EA7C6FD000DF8A2 /* ImageLoaderTests.xctest */;
			productType = "com.apple.product-type.bundle.unit-test";
		};
		8A283EB81EA7C6FD000DF8A2 /* ImageLoaderUITests */ = {
			isa = PBXNativeTarget;
			buildConfigurationList = 8A283EC81EA7C6FD000DF8A2 /* Build configuration list for PBXNativeTarget "ImageLoaderUITests" */;
			buildPhases = (
				8A283EB51EA7C6FD000DF8A2 /* Sources */,
				8A283EB61EA7C6FD000DF8A2 /* Frameworks */,
				8A283EB71EA7C6FD000DF8A2 /* Resources */,
			);
			buildRules = (
			);
			dependencies = (
				8A283EBB1EA7C6FD000DF8A2 /* PBXTargetDependency */,
			);
			name = ImageLoaderUITests;
			productName = ImageLoaderUITests;
			productReference = 8A283EB91EA7C6FD000DF8A2 /* ImageLoaderUITests.xctest */;
			productType = "com.apple.product-type.bundle.ui-testing";
		};
/* End PBXNativeTarget section */

/* Begin PBXProject section */
		8A283E921EA7C6FD000DF8A2 /* Project object */ = {
			isa = PBXProject;
			attributes = {
				LastSwiftUpdateCheck = 0830;
				LastUpgradeCheck = 0830;
				ORGANIZATIONNAME = "Luka Mirosevic";
				TargetAttributes = {
					8A283E991EA7C6FD000DF8A2 = {
						CreatedOnToolsVersion = 8.3.1;
						ProvisioningStyle = Automatic;
					};
					8A283EAD1EA7C6FD000DF8A2 = {
						CreatedOnToolsVersion = 8.3.1;
						ProvisioningStyle = Automatic;
						TestTargetID = 8A283E991EA7C6FD000DF8A2;
					};
					8A283EB81EA7C6FD000DF8A2 = {
						CreatedOnToolsVersion = 8.3.1;
						ProvisioningStyle = Automatic;
						TestTargetID = 8A283E991EA7C6FD000DF8A2;
					};
				};
			};
			buildConfigurationList = 8A283E951EA7C6FD000DF8A2 /* Build configuration list for PBXProject "ImageLoader" */;
			compatibilityVersion = "Xcode 3.2";
			developmentRegion = English;
			hasScannedForEncodings = 0;
			knownRegions = (
				en,
				Base,
			);
			mainGroup = 8A283E911EA7C6FD000DF8A2;
			productRefGroup = 8A283E9B1EA7C6FD000DF8A2 /* Products */;
			projectDirPath = "";
			projectRoot = "";
			targets = (
				8A283E991EA7C6FD000DF8A2 /* ImageLoader */,
				8A283EAD1EA7C6FD000DF8A2 /* ImageLoaderTests */,
				8A283EB81EA7C6FD000DF8A2 /* ImageLoaderUITests */,
			);
		};
/* End PBXProject section */

/* Begin PBXResourcesBuildPhase section */
		8A283E981EA7C6FD000DF8A2 /* Resources */ = {
			isa = PBXResourcesBuildPhase;
			buildActionMask = 2147483647;
			files = (
				8A283EA81EA7C6FD000DF8A2 /* LaunchScreen.storyboard in Resources */,
				8A283EA51EA7C6FD000DF8A2 /* Assets.xcassets in Resources */,
				8A283EA31EA7C6FD000DF8A2 /* Main.storyboard in Resources */,
			);
			runOnlyForDeploymentPostprocessing = 0;
		};
		8A283EAC1EA7C6FD000DF8A2 /* Resources */ = {
			isa = PBXResourcesBuildPhase;
			buildActionMask = 2147483647;
			files = (
			);
			runOnlyForDeploymentPostprocessing = 0;
		};
		8A283EB71EA7C6FD000DF8A2 /* Resources */ = {
			isa = PBXResourcesBuildPhase;
			buildActionMask = 2147483647;
			files = (
			);
			runOnlyForDeploymentPostprocessing = 0;
		};
/* End PBXResourcesBuildPhase section */

/* Begin PBXShellScriptBuildPhase section */
		658B64120C9BBCF993481B00 /* [CP] Embed Pods Frameworks */ = {
			isa = PBXShellScriptBuildPhase;
			buildActionMask = 2147483647;
			files = (
			);
			inputPaths = (
			);
			name = "[CP] Embed Pods Frameworks";
			outputPaths = (
			);
			runOnlyForDeploymentPostprocessing = 0;
			shellPath = /bin/sh;
			shellScript = "\"${SRCROOT}/Pods/Target Support Files/Pods-ImageLoader/Pods-ImageLoader-frameworks.sh\"\n";
			showEnvVarsInLog = 0;
		};
		AA3E14AE0CD8EC5E90DA50ED /* [CP] Check Pods Manifest.lock */ = {
			isa = PBXShellScriptBuildPhase;
			buildActionMask = 2147483647;
			files = (
			);
			inputPaths = (
			);
			name = "[CP] Check Pods Manifest.lock";
			outputPaths = (
			);
			runOnlyForDeploymentPostprocessing = 0;
			shellPath = /bin/sh;
			shellScript = "diff \"${PODS_ROOT}/../Podfile.lock\" \"${PODS_ROOT}/Manifest.lock\" > /dev/null\nif [ $? != 0 ] ; then\n    # print error to STDERR\n    echo \"error: The sandbox is not in sync with the Podfile.lock. Run 'pod install' or update your CocoaPods installation.\" >&2\n    exit 1\nfi\n";
			showEnvVarsInLog = 0;
		};
		AEFF3ED9568A44749AE33305 /* [CP] Copy Pods Resources */ = {
			isa = PBXShellScriptBuildPhase;
			buildActionMask = 2147483647;
			files = (
			);
			inputPaths = (
			);
			name = "[CP] Copy Pods Resources";
			outputPaths = (
			);
			runOnlyForDeploymentPostprocessing = 0;
			shellPath = /bin/sh;
			shellScript = "\"${SRCROOT}/Pods/Target Support Files/Pods-ImageLoader/Pods-ImageLoader-resources.sh\"\n";
			showEnvVarsInLog = 0;
		};
/* End PBXShellScriptBuildPhase section */

/* Begin PBXSourcesBuildPhase section */
		8A283E961EA7C6FD000DF8A2 /* Sources */ = {
			isa = PBXSourcesBuildPhase;
			buildActionMask = 2147483647;
			files = (
				8A283EA01EA7C6FD000DF8A2 /* ViewController.swift in Sources */,
				8A283E9E1EA7C6FD000DF8A2 /* AppDelegate.swift in Sources */,
			);
			runOnlyForDeploymentPostprocessing = 0;
		};
		8A283EAA1EA7C6FD000DF8A2 /* Sources */ = {
			isa = PBXSourcesBuildPhase;
			buildActionMask = 2147483647;
			files = (
				8A283EB31EA7C6FD000DF8A2 /* ImageLoaderTests.swift in Sources */,
			);
			runOnlyForDeploymentPostprocessing = 0;
		};
		8A283EB51EA7C6FD000DF8A2 /* Sources */ = {
			isa = PBXSourcesBuildPhase;
			buildActionMask = 2147483647;
			files = (
				8A283EBE1EA7C6FD000DF8A2 /* ImageLoaderUITests.swift in Sources */,
			);
			runOnlyForDeploymentPostprocessing = 0;
		};
/* End PBXSourcesBuildPhase section */

/* Begin PBXTargetDependency section */
		8A283EB01EA7C6FD000DF8A2 /* PBXTargetDependency */ = {
			isa = PBXTargetDependency;
			target = 8A283E991EA7C6FD000DF8A2 /* ImageLoader */;
			targetProxy = 8A283EAF1EA7C6FD000DF8A2 /* PBXContainerItemProxy */;
		};
		8A283EBB1EA7C6FD000DF8A2 /* PBXTargetDependency */ = {
			isa = PBXTargetDependency;
			target = 8A283E991EA7C6FD000DF8A2 /* ImageLoader */;
			targetProxy = 8A283EBA1EA7C6FD000DF8A2 /* PBXContainerItemProxy */;
		};
/* End PBXTargetDependency section */

/* Begin PBXVariantGroup section */
		8A283EA11EA7C6FD000DF8A2 /* Main.storyboard */ = {
			isa = PBXVariantGroup;
			children = (
				8A283EA21EA7C6FD000DF8A2 /* Base */,
			);
			name = Main.storyboard;
			sourceTree = "<group>";
		};
		8A283EA61EA7C6FD000DF8A2 /* LaunchScreen.storyboard */ = {
			isa = PBXVariantGroup;
			children = (
				8A283EA71EA7C6FD000DF8A2 /* Base */,
			);
			name = LaunchScreen.storyboard;
			sourceTree = "<group>";
		};
/* End PBXVariantGroup section */

/* Begin XCBuildConfiguration section */
		8A283EC01EA7C6FD000DF8A2 /* Debug */ = {
			isa = XCBuildConfiguration;
			buildSettings = {
				ALWAYS_SEARCH_USER_PATHS = NO;
				CLANG_ANALYZER_NONNULL = YES;
				CLANG_ANALYZER_NUMBER_OBJECT_CONVERSION = YES_AGGRESSIVE;
				CLANG_CXX_LANGUAGE_STANDARD = "gnu++0x";
				CLANG_CXX_LIBRARY = "libc++";
				CLANG_ENABLE_MODULES = YES;
				CLANG_ENABLE_OBJC_ARC = YES;
				CLANG_WARN_BOOL_CONVERSION = YES;
				CLANG_WARN_CONSTANT_CONVERSION = YES;
				CLANG_WARN_DIRECT_OBJC_ISA_USAGE = YES_ERROR;
				CLANG_WARN_DOCUMENTATION_COMMENTS = YES;
				CLANG_WARN_EMPTY_BODY = YES;
				CLANG_WARN_ENUM_CONVERSION = YES;
				CLANG_WARN_INFINITE_RECURSION = YES;
				CLANG_WARN_INT_CONVERSION = YES;
				CLANG_WARN_OBJC_ROOT_CLASS = YES_ERROR;
				CLANG_WARN_SUSPICIOUS_MOVE = YES;
				CLANG_WARN_UNREACHABLE_CODE = YES;
				CLANG_WARN__DUPLICATE_METHOD_MATCH = YES;
				"CODE_SIGN_IDENTITY[sdk=iphoneos*]" = "iPhone Developer";
				COPY_PHASE_STRIP = NO;
				DEBUG_INFORMATION_FORMAT = dwarf;
				ENABLE_STRICT_OBJC_MSGSEND = YES;
				ENABLE_TESTABILITY = YES;
				GCC_C_LANGUAGE_STANDARD = gnu99;
				GCC_DYNAMIC_NO_PIC = NO;
				GCC_NO_COMMON_BLOCKS = YES;
				GCC_OPTIMIZATION_LEVEL = 0;
				GCC_PREPROCESSOR_DEFINITIONS = (
					"DEBUG=1",
					"$(inherited)",
				);
				GCC_WARN_64_TO_32_BIT_CONVERSION = YES;
				GCC_WARN_ABOUT_RETURN_TYPE = YES_ERROR;
				GCC_WARN_UNDECLARED_SELECTOR = YES;
				GCC_WARN_UNINITIALIZED_AUTOS = YES_AGGRESSIVE;
				GCC_WARN_UNUSED_FUNCTION = YES;
				GCC_WARN_UNUSED_VARIABLE = YES;
				IPHONEOS_DEPLOYMENT_TARGET = 10.3;
				MTL_ENABLE_DEBUG_INFO = YES;
				ONLY_ACTIVE_ARCH = YES;
				SDKROOT = iphoneos;
				SWIFT_ACTIVE_COMPILATION_CONDITIONS = DEBUG;
				SWIFT_OPTIMIZATION_LEVEL = "-Onone";
				TARGETED_DEVICE_FAMILY = "1,2";
			};
			name = Debug;
		};
		8A283EC11EA7C6FD000DF8A2 /* Release */ = {
			isa = XCBuildConfiguration;
			buildSettings = {
				ALWAYS_SEARCH_USER_PATHS = NO;
				CLANG_ANALYZER_NONNULL = YES;
				CLANG_ANALYZER_NUMBER_OBJECT_CONVERSION = YES_AGGRESSIVE;
				CLANG_CXX_LANGUAGE_STANDARD = "gnu++0x";
				CLANG_CXX_LIBRARY = "libc++";
				CLANG_ENABLE_MODULES = YES;
				CLANG_ENABLE_OBJC_ARC = YES;
				CLANG_WARN_BOOL_CONVERSION = YES;
				CLANG_WARN_CONSTANT_CONVERSION = YES;
				CLANG_WARN_DIRECT_OBJC_ISA_USAGE = YES_ERROR;
				CLANG_WARN_DOCUMENTATION_COMMENTS = YES;
				CLANG_WARN_EMPTY_BODY = YES;
				CLANG_WARN_ENUM_CONVERSION = YES;
				CLANG_WARN_INFINITE_RECURSION = YES;
				CLANG_WARN_INT_CONVERSION = YES;
				CLANG_WARN_OBJC_ROOT_CLASS = YES_ERROR;
				CLANG_WARN_SUSPICIOUS_MOVE = YES;
				CLANG_WARN_UNREACHABLE_CODE = YES;
				CLANG_WARN__DUPLICATE_METHOD_MATCH = YES;
				"CODE_SIGN_IDENTITY[sdk=iphoneos*]" = "iPhone Developer";
				COPY_PHASE_STRIP = NO;
				DEBUG_INFORMATION_FORMAT = "dwarf-with-dsym";
				ENABLE_NS_ASSERTIONS = NO;
				ENABLE_STRICT_OBJC_MSGSEND = YES;
				GCC_C_LANGUAGE_STANDARD = gnu99;
				GCC_NO_COMMON_BLOCKS = YES;
				GCC_WARN_64_TO_32_BIT_CONVERSION = YES;
				GCC_WARN_ABOUT_RETURN_TYPE = YES_ERROR;
				GCC_WARN_UNDECLARED_SELECTOR = YES;
				GCC_WARN_UNINITIALIZED_AUTOS = YES_AGGRESSIVE;
				GCC_WARN_UNUSED_FUNCTION = YES;
				GCC_WARN_UNUSED_VARIABLE = YES;
				IPHONEOS_DEPLOYMENT_TARGET = 10.3;
				MTL_ENABLE_DEBUG_INFO = NO;
				SDKROOT = iphoneos;
				SWIFT_OPTIMIZATION_LEVEL = "-Owholemodule";
				TARGETED_DEVICE_FAMILY = "1,2";
				VALIDATE_PRODUCT = YES;
			};
			name = Release;
		};
		8A283EC31EA7C6FD000DF8A2 /* Debug */ = {
			isa = XCBuildConfiguration;
			baseConfigurationReference = 7EB2F4FDC760D4428DC23422 /* Pods-ImageLoader.debug.xcconfig */;
			buildSettings = {
				ASSETCATALOG_COMPILER_APPICON_NAME = AppIcon;
				INFOPLIST_FILE = ImageLoader/Info.plist;
				LD_RUNPATH_SEARCH_PATHS = "$(inherited) @executable_path/Frameworks";
				PRODUCT_BUNDLE_IDENTIFIER = at.nineyards.ImageLoader;
				PRODUCT_NAME = "$(TARGET_NAME)";
				SWIFT_VERSION = 3.0;
			};
			name = Debug;
		};
		8A283EC41EA7C6FD000DF8A2 /* Release */ = {
			isa = XCBuildConfiguration;
			baseConfigurationReference = 3783531FB44265829275DF18 /* Pods-ImageLoader.release.xcconfig */;
			buildSettings = {
				ASSETCATALOG_COMPILER_APPICON_NAME = AppIcon;
				INFOPLIST_FILE = ImageLoader/Info.plist;
				LD_RUNPATH_SEARCH_PATHS = "$(inherited) @executable_path/Frameworks";
				PRODUCT_BUNDLE_IDENTIFIER = at.nineyards.ImageLoader;
				PRODUCT_NAME = "$(TARGET_NAME)";
				SWIFT_VERSION = 3.0;
			};
			name = Release;
		};
		8A283EC61EA7C6FD000DF8A2 /* Debug */ = {
			isa = XCBuildConfiguration;
			buildSettings = {
				ALWAYS_EMBED_SWIFT_STANDARD_LIBRARIES = YES;
				BUNDLE_LOADER = "$(TEST_HOST)";
				INFOPLIST_FILE = ImageLoaderTests/Info.plist;
				LD_RUNPATH_SEARCH_PATHS = "$(inherited) @executable_path/Frameworks @loader_path/Frameworks";
				PRODUCT_BUNDLE_IDENTIFIER = at.nineyards.ImageLoaderTests;
				PRODUCT_NAME = "$(TARGET_NAME)";
				SWIFT_VERSION = 3.0;
				TEST_HOST = "$(BUILT_PRODUCTS_DIR)/ImageLoader.app/ImageLoader";
			};
			name = Debug;
		};
		8A283EC71EA7C6FD000DF8A2 /* Release */ = {
			isa = XCBuildConfiguration;
			buildSettings = {
				ALWAYS_EMBED_SWIFT_STANDARD_LIBRARIES = YES;
				BUNDLE_LOADER = "$(TEST_HOST)";
				INFOPLIST_FILE = ImageLoaderTests/Info.plist;
				LD_RUNPATH_SEARCH_PATHS = "$(inherited) @executable_path/Frameworks @loader_path/Frameworks";
				PRODUCT_BUNDLE_IDENTIFIER = at.nineyards.ImageLoaderTests;
				PRODUCT_NAME = "$(TARGET_NAME)";
				SWIFT_VERSION = 3.0;
				TEST_HOST = "$(BUILT_PRODUCTS_DIR)/ImageLoader.app/ImageLoader";
			};
			name = Release;
		};
		8A283EC91EA7C6FD000DF8A2 /* Debug */ = {
			isa = XCBuildConfiguration;
			buildSettings = {
				ALWAYS_EMBED_SWIFT_STANDARD_LIBRARIES = YES;
				INFOPLIST_FILE = ImageLoaderUITests/Info.plist;
				LD_RUNPATH_SEARCH_PATHS = "$(inherited) @executable_path/Frameworks @loader_path/Frameworks";
				PRODUCT_BUNDLE_IDENTIFIER = at.nineyards.ImageLoaderUITests;
				PRODUCT_NAME = "$(TARGET_NAME)";
				SWIFT_VERSION = 3.0;
				TEST_TARGET_NAME = ImageLoader;
			};
			name = Debug;
		};
		8A283ECA1EA7C6FD000DF8A2 /* Release */ = {
			isa = XCBuildConfiguration;
			buildSettings = {
				ALWAYS_EMBED_SWIFT_STANDARD_LIBRARIES = YES;
				INFOPLIST_FILE = ImageLoaderUITests/Info.plist;
				LD_RUNPATH_SEARCH_PATHS = "$(inherited) @executable_path/Frameworks @loader_path/Frameworks";
				PRODUCT_BUNDLE_IDENTIFIER = at.nineyards.ImageLoaderUITests;
				PRODUCT_NAME = "$(TARGET_NAME)";
				SWIFT_VERSION = 3.0;
				TEST_TARGET_NAME = ImageLoader;
			};
			name = Release;
		};
/* End XCBuildConfiguration section */

/* Begin XCConfigurationList section */
		8A283E951EA7C6FD000DF8A2 /* Build configuration list for PBXProject "ImageLoader" */ = {
			isa = XCConfigurationList;
			buildConfigurations = (
				8A283EC01EA7C6FD000DF8A2 /* Debug */,
				8A283EC11EA7C6FD000DF8A2 /* Release */,
			);
			defaultConfigurationIsVisible = 0;
			defaultConfigurationName = Release;
		};
		8A283EC21EA7C6FD000DF8A2 /* Build configuration list for PBXNativeTarget "ImageLoader" */ = {
			isa = XCConfigurationList;
			buildConfigurations = (
				8A283EC31EA7C6FD000DF8A2 /* Debug */,
				8A283EC41EA7C6FD000DF8A2 /* Release */,
			);
			defaultConfigurationIsVisible = 0;
		};
		8A283EC51EA7C6FD000DF8A2 /* Build configuration list for PBXNativeTarget "ImageLoaderTests" */ = {
			isa = XCConfigurationList;
			buildConfigurations = (
				8A283EC61EA7C6FD000DF8A2 /* Debug */,
				8A283EC71EA7C6FD000DF8A2 /* Release */,
			);
			defaultConfigurationIsVisible = 0;
		};
		8A283EC81EA7C6FD000DF8A2 /* Build configuration list for PBXNativeTarget "ImageLoaderUITests" */ = {
			isa = XCConfigurationList;
			buildConfigurations = (
				8A283EC91EA7C6FD000DF8A2 /* Debug */,
				8A283ECA1EA7C6FD000DF8A2 /* Release */,
			);
			defaultConfigurationIsVisible = 0;
		};
/* End XCConfigurationList section */
	};
	rootObject = 8A283E921EA7C6FD000DF8A2 /* Project object */;
}
